{
  "name": "openproject-apps",
  "version": "1.0.0",
  "lockfileVersion": 3,
  "requires": true,
  "packages": {
    "": {
      "name": "openproject-apps",
      "version": "1.0.0",
      "dependencies": {
        "jquery": "^3.7.1",
        "riot": "^9.2.0"
      },
      "devDependencies": {
        "@types/jest": "^29.5.12",
        "@types/node": "^20.11.24",
        "jest": "^29.7.0",
        "ts-jest": "^29.1.2",
        "typescript": "^5.3.3"
      }
    }
  }
}
